
Microsoft Visual Studio Solution File, Format Version 12.00
# Visual Studio 15
VisualStudioVersion = 15.0.28307.421
MinimumVisualStudioVersion = 10.0.40219.1
Project("{FAE04EC0-301F-11D3-BF4B-00C04F79EFBC}") = "MarsRover", "MarsRover\MarsRover.csproj", "{AC432CB0-D3B7-47A4-B856-F2991CA32464}"
EndProject
Project("{FAE04EC0-301F-11D3-BF4B-00C04F79EFBC}") = "MarsRoverTests", "MarsRoverTests\MarsRoverTests.csproj", "{17D1753D-0A17-4543-9CF6-03F6F7CE8A0C}"
EndProject
Global
	GlobalSection(SolutionConfigurationPlatforms) = preSolution
		Debug|Any CPU = Debug|Any CPU
		Release|Any CPU = Release|Any CPU
	EndGlobalSection
	GlobalSection(ProjectConfigurationPlatforms) = postSolution
		{AC432CB0-D3B7-47A4-B856-F2991CA32464}.Debug|Any CPU.ActiveCfg = Debug|Any CPU
		{AC432CB0-D3B7-47A4-B856-F2991CA32464}.Debug|Any CPU.Build.0 = Debug|Any CPU
		{AC432CB0-D3B7-47A4-B856-F2991CA32464}.Release|Any CPU.ActiveCfg = Release|Any CPU
		{AC432CB0-D3B7-47A4-B856-F2991CA32464}.Release|Any CPU.Build.0 = Release|Any CPU
		{17D1753D-0A17-4543-9CF6-03F6F7CE8A0C}.Debug|Any CPU.ActiveCfg = Debug|Any CPU
		{17D1753D-0A17-4543-9CF6-03F6F7CE8A0C}.Debug|Any CPU.Build.0 = Debug|Any CPU
		{17D1753D-0A17-4543-9CF6-03F6F7CE8A0C}.Release|Any CPU.ActiveCfg = Release|Any CPU
		{17D1753D-0A17-4543-9CF6-03F6F7CE8A0C}.Release|Any CPU.Build.0 = Release|Any CPU
	EndGlobalSection
	GlobalSection(SolutionProperties) = preSolution
		HideSolutionNode = FALSE
	EndGlobalSection
	GlobalSection(ExtensibilityGlobals) = postSolution
		SolutionGuid = {005BCABF-1343-4A0C-B8B0-86A9AE1EFA59}
	EndGlobalSection
EndGlobal
